
Microsoft Visual Studio Solution File, Format Version 12.00
# Visual Studio 14
VisualStudioVersion = 14.0.22823.1
MinimumVisualStudioVersion = 10.0.40219.1
Project("{8BB2217D-0F2D-49D1-97BC-3654ED321F3B}") = "WX.Data.CWebAPI", "WX.Data.CWebAPI\WX.Data.CWebAPI.xproj", "{DFE6AEF3-E71D-4912-9E5E-63A8AAA67925}"
EndProject
Project("{8BB2217D-0F2D-49D1-97BC-3654ED321F3B}") = "WX.Data.CIDataAccessAdvance", "WX.Data.CIDataAccessAdvance\WX.Data.CIDataAccessAdvance.xproj", "{4A6099CC-143B-4753-922D-8FA009D21C73}"
EndProject
Project("{8BB2217D-0F2D-49D1-97BC-3654ED321F3B}") = "WX.Data.CBusinessEntities", "WX.Data.CBusinessEntities\WX.Data.CBusinessEntities.xproj", "{E11EF034-0D4F-4606-B6C6-FDFE599F3F12}"
EndProject
Project("{8BB2217D-0F2D-49D1-97BC-3654ED321F3B}") = "WX.Data.CBusinessEntitiesAdvnace", "WX.Data.CBusinessEntitiesAdvnace\WX.Data.CBusinessEntitiesAdvnace.xproj", "{3944A6E7-4311-402B-872C-83263C48DF89}"
EndProject
Project("{8BB2217D-0F2D-49D1-97BC-3654ED321F3B}") = "WX.Data.CDataAccess", "WX.Data.CDataAccess\WX.Data.CDataAccess.xproj", "{5190A57A-3FFA-4CD3-9893-B6A0D4F95B4C}"
EndProject
Project("{8BB2217D-0F2D-49D1-97BC-3654ED321F3B}") = "WX.Data.CDataAccessAdvance", "WX.Data.CDataAccessAdvance\WX.Data.CDataAccessAdvance.xproj", "{7EAA83DF-3E5F-43E2-9B0A-E5F6B3E0A649}"
EndProject
Project("{8BB2217D-0F2D-49D1-97BC-3654ED321F3B}") = "WX.Data.CDatabaseDictionary", "WX.Data.CDatabaseDictionary\WX.Data.CDatabaseDictionary.xproj", "{71249F64-B9B9-4DFB-9821-D90F724ECC4E}"
EndProject
Project("{8BB2217D-0F2D-49D1-97BC-3654ED321F3B}") = "WX.Data.CDataModel", "WX.Data.CDataModel\WX.Data.CDataModel.xproj", "{CD334D35-27AF-460D-8FCD-577CA00D8959}"
EndProject
Project("{8BB2217D-0F2D-49D1-97BC-3654ED321F3B}") = "WX.Data.CIDataAccess", "WX.Data.CIDataAccess\WX.Data.CIDataAccess.xproj", "{B1911FB3-D8CD-44D8-BB7D-41824255C6A1}"
EndProject
Project("{8BB2217D-0F2D-49D1-97BC-3654ED321F3B}") = "WX.Data.CWebAPIClient", "WX.Data.CWebAPIClient\WX.Data.CWebAPIClient.xproj", "{DE95F06D-C054-4C2E-AA63-847EC4F0BED6}"
EndProject
Global
	GlobalSection(SolutionConfigurationPlatforms) = preSolution
		Debug|Any CPU = Debug|Any CPU
		Release|Any CPU = Release|Any CPU
	EndGlobalSection
	GlobalSection(ProjectConfigurationPlatforms) = postSolution
		{DFE6AEF3-E71D-4912-9E5E-63A8AAA67925}.Debug|Any CPU.ActiveCfg = Debug|Any CPU
		{DFE6AEF3-E71D-4912-9E5E-63A8AAA67925}.Debug|Any CPU.Build.0 = Debug|Any CPU
		{DFE6AEF3-E71D-4912-9E5E-63A8AAA67925}.Release|Any CPU.ActiveCfg = Release|Any CPU
		{DFE6AEF3-E71D-4912-9E5E-63A8AAA67925}.Release|Any CPU.Build.0 = Release|Any CPU
		{4A6099CC-143B-4753-922D-8FA009D21C73}.Debug|Any CPU.ActiveCfg = Debug|Any CPU
		{4A6099CC-143B-4753-922D-8FA009D21C73}.Debug|Any CPU.Build.0 = Debug|Any CPU
		{4A6099CC-143B-4753-922D-8FA009D21C73}.Release|Any CPU.ActiveCfg = Release|Any CPU
		{4A6099CC-143B-4753-922D-8FA009D21C73}.Release|Any CPU.Build.0 = Release|Any CPU
		{E11EF034-0D4F-4606-B6C6-FDFE599F3F12}.Debug|Any CPU.ActiveCfg = Debug|Any CPU
		{E11EF034-0D4F-4606-B6C6-FDFE599F3F12}.Debug|Any CPU.Build.0 = Debug|Any CPU
		{E11EF034-0D4F-4606-B6C6-FDFE599F3F12}.Release|Any CPU.ActiveCfg = Release|Any CPU
		{E11EF034-0D4F-4606-B6C6-FDFE599F3F12}.Release|Any CPU.Build.0 = Release|Any CPU
		{3944A6E7-4311-402B-872C-83263C48DF89}.Debug|Any CPU.ActiveCfg = Debug|Any CPU
		{3944A6E7-4311-402B-872C-83263C48DF89}.Debug|Any CPU.Build.0 = Debug|Any CPU
		{3944A6E7-4311-402B-872C-83263C48DF89}.Release|Any CPU.ActiveCfg = Release|Any CPU
		{3944A6E7-4311-402B-872C-83263C48DF89}.Release|Any CPU.Build.0 = Release|Any CPU
		{5190A57A-3FFA-4CD3-9893-B6A0D4F95B4C}.Debug|Any CPU.ActiveCfg = Debug|Any CPU
		{5190A57A-3FFA-4CD3-9893-B6A0D4F95B4C}.Debug|Any CPU.Build.0 = Debug|Any CPU
		{5190A57A-3FFA-4CD3-9893-B6A0D4F95B4C}.Release|Any CPU.ActiveCfg = Release|Any CPU
		{5190A57A-3FFA-4CD3-9893-B6A0D4F95B4C}.Release|Any CPU.Build.0 = Release|Any CPU
		{7EAA83DF-3E5F-43E2-9B0A-E5F6B3E0A649}.Debug|Any CPU.ActiveCfg = Debug|Any CPU
		{7EAA83DF-3E5F-43E2-9B0A-E5F6B3E0A649}.Debug|Any CPU.Build.0 = Debug|Any CPU
		{7EAA83DF-3E5F-43E2-9B0A-E5F6B3E0A649}.Release|Any CPU.ActiveCfg = Release|Any CPU
		{7EAA83DF-3E5F-43E2-9B0A-E5F6B3E0A649}.Release|Any CPU.Build.0 = Release|Any CPU
		{71249F64-B9B9-4DFB-9821-D90F724ECC4E}.Debug|Any CPU.ActiveCfg = Debug|Any CPU
		{71249F64-B9B9-4DFB-9821-D90F724ECC4E}.Debug|Any CPU.Build.0 = Debug|Any CPU
		{71249F64-B9B9-4DFB-9821-D90F724ECC4E}.Release|Any CPU.ActiveCfg = Release|Any CPU
		{71249F64-B9B9-4DFB-9821-D90F724ECC4E}.Release|Any CPU.Build.0 = Release|Any CPU
		{CD334D35-27AF-460D-8FCD-577CA00D8959}.Debug|Any CPU.ActiveCfg = Debug|Any CPU
		{CD334D35-27AF-460D-8FCD-577CA00D8959}.Debug|Any CPU.Build.0 = Debug|Any CPU
		{CD334D35-27AF-460D-8FCD-577CA00D8959}.Release|Any CPU.ActiveCfg = Release|Any CPU
		{CD334D35-27AF-460D-8FCD-577CA00D8959}.Release|Any CPU.Build.0 = Release|Any CPU
		{B1911FB3-D8CD-44D8-BB7D-41824255C6A1}.Debug|Any CPU.ActiveCfg = Debug|Any CPU
		{B1911FB3-D8CD-44D8-BB7D-41824255C6A1}.Debug|Any CPU.Build.0 = Debug|Any CPU
		{B1911FB3-D8CD-44D8-BB7D-41824255C6A1}.Release|Any CPU.ActiveCfg = Release|Any CPU
		{B1911FB3-D8CD-44D8-BB7D-41824255C6A1}.Release|Any CPU.Build.0 = Release|Any CPU
		{DE95F06D-C054-4C2E-AA63-847EC4F0BED6}.Debug|Any CPU.ActiveCfg = Debug|Any CPU
		{DE95F06D-C054-4C2E-AA63-847EC4F0BED6}.Debug|Any CPU.Build.0 = Debug|Any CPU
		{DE95F06D-C054-4C2E-AA63-847EC4F0BED6}.Release|Any CPU.ActiveCfg = Release|Any CPU
		{DE95F06D-C054-4C2E-AA63-847EC4F0BED6}.Release|Any CPU.Build.0 = Release|Any CPU
	EndGlobalSection
	GlobalSection(SolutionProperties) = preSolution
		HideSolutionNode = FALSE
	EndGlobalSection
EndGlobal
